# THIS IS AN AUTOGENERATED FILE. DO NOT EDIT THIS FILE DIRECTLY.
# yarn lockfile v1


"@types/chrome@^0.0.200":
  version "0.0.200"
  resolved "https://registry.yarnpkg.com/@types/chrome/-/chrome-0.0.200.tgz#0b48b3a1f986882712121f5b218fd9caac460fee"
  integrity sha512-oNT2/KHgZECTzj4oavLc20r3D2yFufLwGNaLFAN8YxYyNVJGenX3l3oGBynhoT/Azm3eAfyDynrdca6jB7CNzw==
  dependencies:
    "@types/filesystem" "*"
    "@types/har-format" "*"

"@types/filesystem@*":
  version "0.0.29"
  resolved "https://registry.yarnpkg.com/@types/filesystem/-/filesystem-0.0.29.tgz#ee3748eb5be140dcf980c3bd35f11aec5f7a3748"
  integrity sha512-85/1KfRedmfPGsbK8YzeaQUyV1FQAvMPMTuWFQ5EkLd2w7szhNO96bk3Rh/SKmOfd9co2rCLf0Voy4o7ECBOvw==
  dependencies:
    "@types/filewriter" "*"

"@types/filesystem@^0.0.32":
  version "0.0.32"
  resolved "https://registry.yarnpkg.com/@types/filesystem/-/filesystem-0.0.32.tgz#307df7cc084a2293c3c1a31151b178063e0a8edf"
  integrity sha512-Yuf4jR5YYMR2DVgwuCiP11s0xuVRyPKmz8vo6HBY3CGdeMj8af93CFZX+T82+VD1+UqHOxTq31lO7MI7lepBtQ==
  dependencies:
    "@types/filewriter" "*"

"@types/filewriter@*":
  version "0.0.28"
  resolved "https://registry.yarnpkg.com/@types/filewriter/-/filewriter-0.0.28.tgz#c054e8af4d9dd75db4e63abc76f885168714d4b3"
  integrity sha1-wFTor02d11205jq8dviFFocU1LM=

"@types/har-format@*":
  version "1.2.9"
  resolved "https://registry.yarnpkg.com/@types/har-format/-/har-format-1.2.9.tgz#b9b3a9bfc33a078e7d898a00b09662910577f4a4"
  integrity sha512-rffW6MhQ9yoa75bdNi+rjZBAvu2HhehWJXlhuWXnWdENeuKe82wUgAwxYOb7KRKKmxYN+D/iRKd2NDQMLqlUmg==

"@types/jquery@^3.3.31":
  version "3.3.31"
  resolved "https://registry.yarnpkg.com/@types/jquery/-/jquery-3.3.31.tgz#27c706e4bf488474e1cb54a71d8303f37c93451b"
  integrity sha512-Lz4BAJihoFw5nRzKvg4nawXPzutkv7wmfQ5121avptaSIXlDNJCUuxZxX/G+9EVidZGuO0UBlk+YjKbwRKJigg==
  dependencies:
    "@types/sizzle" "*"

"@types/sizzle@*":
  version "2.3.2"
  resolved "https://registry.yarnpkg.com/@types/sizzle/-/sizzle-2.3.2.tgz#a811b8c18e2babab7d542b3365887ae2e4d9de47"
  integrity sha512-7EJYyKTL7tFR8+gDbB6Wwz/arpGa0Mywk1TJbNzKzHtzbwVmY4HR9WqS5VV7dsBUKQmPNr192jHr/VpBluj/hg==

typescript@^4.8.4:
  version "4.8.4"
  resolved "https://registry.yarnpkg.com/typescript/-/typescript-4.8.4.tgz#c464abca159669597be5f96b8943500b238e60e6"
  integrity sha512-QCh+85mCy+h0IGff8r5XWzOVSbBO+KfeYrMQh7NJ58QujwcE22u+NUSmUxqF+un70P9GXKxa2HCNiTTMJknyjQ==
